{
    "_meta": {
        "hash": {
            "sha256": "f0a03bfb539c4bb0ee3d86be6d2589b83feb6669b7c0aacfa6fe1b342c4a9229"
        },
        "pipfile-spec": 6,
        "requires": {
            "python_version": "3.11"
        },
        "sources": [
            {
                "name": "pypi",
                "url": "https://pypi.org/simple",
                "verify_ssl": true
            }
        ]
    },
    "default": {
        "cython": {
            "hashes": [
                "sha256:000dc9e135d0eec6ecb2b40a5b02d0868a2f8d2e027a41b0fe16a908a9e6de02",
                "sha256:05d7eddc668ae7993643f32c7661f25544e791edb745758672ea5b1a82ecffa6",
                "sha256:0c38c9f0bcce2df0c3347285863621be904ac6b64c5792d871130569d893efd7",
                "sha256:0cb2dcc565c7851f75d496f724a384a790fab12d1b82461b663e66605bec429a",
                "sha256:115f0a50f752da6c99941b103b5cb090da63eb206abbc7c2ad33856ffc73f064",
                "sha256:13c2a5e57a0358da467d97667297bf820b62a1a87ae47c5f87938b9bb593acbd",
                "sha256:16873d78be63bd38ffb759da7ab82814b36f56c769ee02b1d5859560e4c3ac3c",
                "sha256:171b27051253d3f9108e9759e504ba59ff06e7f7ba944457f94deaf9c21bf0b6",
                "sha256:17a642bb01a693e34c914106566f59844b4461665066613913463a719e0dd15d",
                "sha256:18bfa387d7a7f77d7b2526af69a65dbd0b731b8d941aaff5becff8e21f6d7717",
                "sha256:1ab75242869ff71e5665fe5c96f3378e79e792fa3c11762641b6c5afbbbbe026",
                "sha256:1aca1b97e0095b3a9a6c33eada3f661a4ed0d499067d121239b193e5ba3bb4f0",
                "sha256:289ce7838208211cd166e975865fd73b0649bf118170b6cebaedfbdaf4a37795",
                "sha256:2cde23c555470db3f149ede78b518e8274853745289c956a0e06ad8d982e4db9",
                "sha256:2cdfc32252f3b6dc7c94032ab744dcedb45286733443c294d8f909a4854e7f83",
                "sha256:2f020fa1c0552052e0660790b8153b79e3fc9a15dbd8f1d0b841fe5d204a6ae6",
                "sha256:314f2355a1f1d06e3c431eaad4708cf10037b5e91e4b231d89c913989d0bdafd",
                "sha256:3a3d67f079598af49e90ff9655bf85bd358f093d727eb21ca2708f467c489cae",
                "sha256:45523fdc2b78d79b32834cc1cc12dc2ca8967af87e22a3ee1bff20e77c7f5520",
                "sha256:4b983c8e6803f016146c26854d9150ddad5662960c804ea7f0c752c9266752f0",
                "sha256:51d1426263b0e82fb22bda8ea60dc77a428581cc19e97741011b938445d383f1",
                "sha256:547eb3cdb2f8c6f48e6865d5a741d9dd051c25b3ce076fbca571727977b28ac3",
                "sha256:5a567d4b9ba70b26db89d75b243529de9e649a2f56384287533cf91512705bee",
                "sha256:61a237bc9dd23c7faef0fcfce88c11c65d0c9bb73c74ccfa408b3a012073c20e",
                "sha256:6717c06e9cfc6c1df18543cd31a21f5d8e378a40f70c851fa2d34f0597037abc",
                "sha256:6c46939c3983217d140999de7c238c3141f56b1ea349e47ca49cae899969aa2c",
                "sha256:78825a3774211e7d5089730f00cdf7f473042acc9ceb8b9eeebe13ed3a5541de",
                "sha256:7990ca127e1f1beedaf8fc8bf66541d066ef4723ad7d8d47a7cbf842e0f47580",
                "sha256:7e8f2454128974905258d86534f4fd4f91d2f1343605657ecab779d80c9d6d5e",
                "sha256:80fd94c076e1e1b1ee40a309be03080b75f413e8997cddcf401a118879863388",
                "sha256:8140597a8b5cc4f119a1190f5a2228a84f5ca6d8d9ec386cfce24663f48b2539",
                "sha256:8333423d8fd5765e7cceea3a9985dd1e0a5dfeb2734629e1a2ed2d6233d39de6",
                "sha256:85077915a93e359a9b920280d214dc0cf8a62773e1f3d7d30fab8ea4daed670c",
                "sha256:870d2a0a7e3cbd5efa65aecdb38d715ea337a904ea7bb22324036e78fb7068e7",
                "sha256:90d3fe31db55685d8cb97d43b0ec39ef614fcf660f83c77ed06aa670cb0e164f",
                "sha256:96b028f044f5880e3cb18ecdcfc6c8d3ce9d0af28418d5ab464509f26d8adf12",
                "sha256:97b2a45845b993304f1799664fa88da676ee19442b15fdcaa31f9da7e1acc434",
                "sha256:9d3f74388db378a3c6fd06e79a809ed98df3f56484d317b81ee762dbf3c263e0",
                "sha256:9e2be2b340fea46fb849d378f9b80d3c08ff2e81e2bfbcdb656e2e3cd8c6b2dc",
                "sha256:a1df7a129344b1215c20096d33c00193437df1a8fcca25b71f17c23b1a44f782",
                "sha256:a846e0a38e2b24e9a5c5dc74b0e54c6e29420d88d1dafabc99e0fc0f3e338636",
                "sha256:a973268d7ca1a2bdf78575e459a94a78e1a0a9bb62a7db0c50041949a73b02ff",
                "sha256:aae26f9663e50caf9657148403d9874eea41770ecdd6caf381d177c2b1bb82ba",
                "sha256:ae7ac561fd8253a9ae96311e91d12af5f701383564edc11d6338a7b60b285a6f",
                "sha256:baa0b7f3f841fe087410cab66778e2d3fb20ae2d2078a2be3dffe66c6574be39",
                "sha256:bfabe115deef4ada5d23c87bddb11289123336dcc14347011832c07db616dd93",
                "sha256:c1949d6aa7bc792554bee2b67a9fe41008acbfe22f4f8df7b6ec7b799613a4b3",
                "sha256:c26daaeccda072459b48d211415fd1e5507c06bcd976fa0d5b8b9f1063467d7b",
                "sha256:c8aa05f5e17f8042a3be052c24f2edc013fb8af874b0bf76907d16c51b4e7871",
                "sha256:c9c0f29246734561c90f36e70ed0506b61aa3d044e4cc4cba559065a2a741fae",
                "sha256:c9f2c6e1b8f3bcd6cb230bac1843f85114780bb8be8614855b1628b36bb510e0",
                "sha256:de892422582f5758bd8de187e98ac829330ec1007bc42c661f687792999988a7",
                "sha256:df8093deabc55f37028190cf5e575c26aad23fc673f34b85d5f45076bc37ce39",
                "sha256:e24791ddae2324e88e3c902a765595c738f19ae34ee66bfb1a6dac54b1833419",
                "sha256:e87294e33e40c289c77a135f491cd721bd089f193f956f7b8ed5aa2d0b8c558f",
                "sha256:f05c0bf9d085c031df8f583f0d506aa3be1692023de18c45d0aaf78685bbb944",
                "sha256:fa97893d99385386925d00074654aeae3a98867f298d1e12ceaf38a9054a9bae",
                "sha256:fe81b339cffd87c0069c6049b4d33e28bdd1874625ee515785bf42c9fdff3658"
            ],
            "index": "pypi",
            "markers": "python_version >= '2.7' and python_version not in '3.0, 3.1, 3.2, 3.3'",
            "version": "==3.0.8"
        },
        "flake8": {
            "hashes": [
                "sha256:33f96621059e65eec474169085dc92bf26e7b2d47366b70be2f67ab80dc25132",
                "sha256:a6dfbb75e03252917f2473ea9653f7cd799c3064e54d4c8140044c5c065f53c3"
            ],
            "index": "pypi",
            "markers": "python_full_version >= '3.8.1'",
            "version": "==7.0.0"
        },
        "lupa": {
            "hashes": [
                "sha256:0068d75f0df5f2fb85230b1df7a05305645ee28ef89551997eb09009c70d7f8a",
                "sha256:019e10a56c50ba60e94ff8c3e60a9a239d6438f1dc6ac17bcf2d44d4ada8f171",
                "sha256:02a0e45ada08e5694ab3f3c06523ec16322dfb875668ce9ff3e04a01d3e18e81",
                "sha256:02ed2848a33dfe43013c5a86d2c155a9669d3c438a847a4e3816b7f1bf17cec6",
                "sha256:033a14fe291ef532db11c3f3b65b364b5b3b3d3b6146aa7f7412f8f4d89471ce",
                "sha256:0432ec532513eaf5ae8961000baf56d550fed4a7b91c0a9759b6f17c1dafc8af",
                "sha256:06792b86f9410bd26936728e7f903e2eee76642cbf51e435622637a3d752a2ea",
                "sha256:0e66da3bc40cde8edeb4d7d8141afad67ec6a5da0ee07ce5265df7e899e0883c",
                "sha256:17fd814523b9fa268df8f0995874218a9be008dbcd1c1c7bd28207814a209491",
                "sha256:1be2e1015d8481511852ae0f9f05f3722715d7aadb48207480eb50edc45a7510",
                "sha256:200544d259a054c5d0c6696499d0c66ccd924d42efb41b09b19c2af9771f5c31",
                "sha256:201fc894d257132e90e42ce9396c5b45aa5f5bdc4cd4dfc8076c8476f04dd44b",
                "sha256:282126096ba71c1926f28da59cd1cf6913b7e9e7020d577b42dc52ca3c359e93",
                "sha256:29c46d79273a72c010a2949d41336bbb5ebafd09e2c2a4342d2f2f4238d378c8",
                "sha256:2a3dbf85baf66f0a8b862293c3cd61430d2d379652e3db3e5f979b16db7e374b",
                "sha256:2c11eafd262ff47ccb0bf9c28126dde21d3d01205cf6f5b5c2c4dbf04b99f5e9",
                "sha256:2d02d4af2682169b8aa744e7eae59d1e05f9b0071a59fb140852dae9b5c8d86c",
                "sha256:32d1e7cdced4e29771dacfed68abc92da9ba2300a2929ec5782467316ea4a715",
                "sha256:345032ef77bd474d288ea2c4ddd14b552b93d60a40a9b0daf0a82bc078625982",
                "sha256:3b3e02b920b61601e2d9713b1e197d8cbab0bd3709774ec6823357cd83ee7b9d",
                "sha256:3c953b9430751e792b721dd2265af1759251cdac0ade5642f25e16a6174bcc58",
                "sha256:3d34870912bf7501d2a9e7dc75319e55f836fd8412b783afa44c5bfb72be0867",
                "sha256:404bda126a34eef839e29fc94fd65c1092b53301b2d0abc9388f02cc5ba87ac9",
                "sha256:43353ae1e204b1f7fb18150f7dc5357592be37431e84f799c6cf21a4b7a52dcc",
                "sha256:4649a5501f0d8e5c96c297896377e9f73d0167df139109536187c57c60be1e90",
                "sha256:46b77e4a545d5ba00d17432853b26b50299129047d4f999c007fb9b6db3cfdd6",
                "sha256:47d3eb18511e83068a8ce476a9f7ad8642a35189e682f5a1053970ec9d98272a",
                "sha256:4c776290a06b03e8dd5ca061d9fefde13be37fb25700c56bb513343262ea1729",
                "sha256:4e00664780836b353113804f8e0f860322abf5ef723d615ba6f49d9e78874944",
                "sha256:50c529e5ecf3ec5b3e57efbb9a5def5125ceb7b95f12e2c89c34535856abb1ac",
                "sha256:5396ebb51753a8243a18080e2efa9f085bac5d43185d5a1dd9a3679ff7fb09c5",
                "sha256:5c249d83655942ebe7db99c4e981de547867a7d30ace34e61f3ccc5b7a14402c",
                "sha256:5e980571081c93152bb04de07bbde6852462e1674349eb3eafe703f5fa81a836",
                "sha256:65d5971eb8c060eb3c9218c25181001e25982dfdf88e0b284447f837a4318a5f",
                "sha256:682860cd6ed84e0ffdaf84c82c21b192858261964b3ed126bc54d52cc8a480b4",
                "sha256:690c0654b92c6de0893c004d0a46d5d5b5fd76e9017dda328a2435afdf3c55a0",
                "sha256:6e9ece8e7e4399473e1f9a4733445d93148c3205e1b87c158894287f3213bf6b",
                "sha256:71e517327bff75cc5e60fe105da7da6621a75ba05a5050869e33b4bdbe838288",
                "sha256:7563c4a015f51eb36d92874c0448bb8df504041d894e61e6c9cb9e6613132470",
                "sha256:769d7747056380ca4fb7923b7031b5732c1b9b9d0d160324cc88a32d7c98127c",
                "sha256:7762c6780fe7ab64d64f8658ab54d79cb5d3d0fbdcc76290f5fc19b41fc01ad5",
                "sha256:793bddad1a36eb7c8c04775867942cf2adfe09d482311791022c4ab4802169b4",
                "sha256:7c10d4f0fa592b798a71c0b2e273e4b899a14b3634a48cbc444917b254ddce37",
                "sha256:7caa1ce59fe1cefd845093d1354244c59d286fcc1196a15297fb189a5bb749c6",
                "sha256:8214a8b0fb1277e026301f60101af323c93868eefcad69984e7285bea5c1ac3f",
                "sha256:88495333e79937cdf7edac35ec36aca41d50134dbb23f2f1684a1685a4295433",
                "sha256:8f3e6ea86053ec0c9945ae313fba8ba06dc4ccc397369709bba956dd48db95a7",
                "sha256:90788d250f727720747784e67fbc50917f5ce051e24bc49661850f98b1b9ed42",
                "sha256:974de113c63e35668fbbbff656fef718e586abed3fc875eae4fece279a1e8a11",
                "sha256:9a5843fbfb22b70ea13ec624d43c818b396ff1f62d9bd84f9ed10e3fef06ccf0",
                "sha256:9add3d9ba86fa2fb5604e429ca811b9fa6b4c55fe5330bd9f0fcf51f2c5bebf8",
                "sha256:9b7c9799a45e6fff8c38395d370b318b8ce6841710c2082f180ea7d189f7d229",
                "sha256:9c7ec361e05d932c5355825982613077ac8cb5b63d95022d571290d8ca667188",
                "sha256:9fa9d5013a06aa09392f1d02d9724a9856f4f4111794ca9be17a016c83c6546a",
                "sha256:a6847c2541f9cbdd596df821a575222f471175cd710fb967ffc51801dae58d68",
                "sha256:a91eacc06ac89a2134c6b0f35ac65c45e18c984baf24b03d0f5187071074a597",
                "sha256:a97e647ac11ca5131a73628ee063233378c03100f0f408c77f9b45cb358619ab",
                "sha256:ab2ca1c51724b779a2531d2bef1480faae203c8917b9cc3d0a3d3acb37c1d7ad",
                "sha256:ad3fef486be7adddd349fe9a9c393789061312cf98ebc533b489be34f484cb79",
                "sha256:b0d5481e3af166d73da373ffda0eab1bd709b0177daa2616ce95816483942c21",
                "sha256:b3f6837c1e2fd7c66100828953063dfe8a1d283bc48e1144d621b35bf19ce79f",
                "sha256:becb01602dc6d5439101e1ac5877b25e35817b1bd131b9af709a5a181e6b8026",
                "sha256:c0be42065ad39219eaf890c224cc7cc140ed72691b97b0905dd7a89abebdf474",
                "sha256:c19482a595deed90e5b8542df1ed861e2a4a9d99bd8a9ff108e3a7c66bc7c6c0",
                "sha256:d225e06748aca078a02529054c6678ba3e5b7cc2080b5be30e33ede9eac5efb2",
                "sha256:d412925a73b6b848fd1076fbc392d445ff4a1ab5b5bb278e358f78768677c963",
                "sha256:d85c20691dbd2db5b7c60f40e4a5ced6a35be60264a81dc08804483917b41ea9",
                "sha256:dd9af8e86b3c811ce74f11a12f275c873bd38f40de6ce76b7ddc3664e113a98e",
                "sha256:dea916b28ee38c904ece3a26986b6943a073666c038ae6b6d6d131668da20f59",
                "sha256:e051969dc712d7050d0f3d6c6c8ed063941a004381e84f072815350476118f81",
                "sha256:e361efe6c8a667fa221d42b7fa2beb7fada86e901a0f0e1e17c7c7927d66b2ff",
                "sha256:eece0bc316c2b050e8c3596320e124c8ccea2a7872e593193d30eecab7f0acf6",
                "sha256:f04c7a8d4e5b50a570681b990ff3be09bce5efbd91a521442c0ebfc36e0ce422",
                "sha256:f3f962a499f95b3a5e90de36ac396cdb59c0c46b8003fbfcc1e2d78d7edc14f8",
                "sha256:f50a395dc3c950974ac73b2476136785c6995f611a81e14d2a7c6aa59b342abf",
                "sha256:f576699ca59f3f76127d70210a0ba20e7def93ab1a7e3587d55dd4b770775788",
                "sha256:f7c1cfa9dac4f1363d9620384f9881a1ec968ff825be1e9b2ecdb4cb5375fbf2",
                "sha256:f8368f0d5131f47da60f7cea4a5932418ca0bcd12c22fcf700f36af93fdf2a6a",
                "sha256:fb4426cddefb48683068e94ed4748710507bbd3f0a4d71574535443c75a16e36",
                "sha256:fb5efacbb5dd568d44f4f31a4764a52eefb78288f0445da016652fe7143cdde3",
                "sha256:fcedc43012527edb4ca2b97a6c8176dd2384a006e47549d4e73143f7982deaff"
            ],
            "index": "pypi",
            "version": "==2.0"
        },
        "mccabe": {
            "hashes": [
                "sha256:348e0240c33b60bbdf4e523192ef919f28cb2c3d7d5c7794f74009290f236325",
                "sha256:6c2d30ab6be0e4a46919781807b4f0d834ebdd6c6e3dca0bda5a15f863427b6e"
            ],
            "markers": "python_version >= '3.6'",
            "version": "==0.7.0"
        },
        "pycodestyle": {
            "hashes": [
                "sha256:41ba0e7afc9752dfb53ced5489e89f8186be00e599e712660695b7a75ff2663f",
                "sha256:44fe31000b2d866f2e41841b18528a505fbd7fef9017b04eff4e2648a0fadc67"
            ],
            "markers": "python_version >= '3.8'",
            "version": "==2.11.1"
        },
        "pyflakes": {
            "hashes": [
                "sha256:1c61603ff154621fb2a9172037d84dca3500def8c8b630657d1701f026f8af3f",
                "sha256:84b5be138a2dfbb40689ca07e2152deb896a65c3a3e24c251c5c62489568074a"
            ],
            "markers": "python_version >= '3.8'",
            "version": "==3.2.0"
        },
        "regex": {
            "hashes": [
                "sha256:0694219a1d54336fd0445ea382d49d36882415c0134ee1e8332afd1529f0baa5",
                "sha256:086dd15e9435b393ae06f96ab69ab2d333f5d65cbe65ca5a3ef0ec9564dfe770",
                "sha256:094ba386bb5c01e54e14434d4caabf6583334090865b23ef58e0424a6286d3dc",
                "sha256:09da66917262d9481c719599116c7dc0c321ffcec4b1f510c4f8a066f8768105",
                "sha256:0ecf44ddf9171cd7566ef1768047f6e66975788258b1c6c6ca78098b95cf9a3d",
                "sha256:0fda75704357805eb953a3ee15a2b240694a9a514548cd49b3c5124b4e2ad01b",
                "sha256:11a963f8e25ab5c61348d090bf1b07f1953929c13bd2309a0662e9ff680763c9",
                "sha256:150c39f5b964e4d7dba46a7962a088fbc91f06e606f023ce57bb347a3b2d4630",
                "sha256:1b9d811f72210fa9306aeb88385b8f8bcef0dfbf3873410413c00aa94c56c2b6",
                "sha256:1e0eabac536b4cc7f57a5f3d095bfa557860ab912f25965e08fe1545e2ed8b4c",
                "sha256:22a86d9fff2009302c440b9d799ef2fe322416d2d58fc124b926aa89365ec482",
                "sha256:22f3470f7524b6da61e2020672df2f3063676aff444db1daa283c2ea4ed259d6",
                "sha256:263ef5cc10979837f243950637fffb06e8daed7f1ac1e39d5910fd29929e489a",
                "sha256:283fc8eed679758de38fe493b7d7d84a198b558942b03f017b1f94dda8efae80",
                "sha256:29171aa128da69afdf4bde412d5bedc335f2ca8fcfe4489038577d05f16181e5",
                "sha256:298dc6354d414bc921581be85695d18912bea163a8b23cac9a2562bbcd5088b1",
                "sha256:2aae8101919e8aa05ecfe6322b278f41ce2994c4a430303c4cd163fef746e04f",
                "sha256:2f4e475a80ecbd15896a976aa0b386c5525d0ed34d5c600b6d3ebac0a67c7ddf",
                "sha256:34e4af5b27232f68042aa40a91c3b9bb4da0eeb31b7632e0091afc4310afe6cb",
                "sha256:37f8e93a81fc5e5bd8db7e10e62dc64261bcd88f8d7e6640aaebe9bc180d9ce2",
                "sha256:3a17d3ede18f9cedcbe23d2daa8a2cd6f59fe2bf082c567e43083bba3fb00347",
                "sha256:3b1de218d5375cd6ac4b5493e0b9f3df2be331e86520f23382f216c137913d20",
                "sha256:43f7cd5754d02a56ae4ebb91b33461dc67be8e3e0153f593c509e21d219c5060",
                "sha256:4558410b7a5607a645e9804a3e9dd509af12fb72b9825b13791a37cd417d73a5",
                "sha256:4719bb05094d7d8563a450cf8738d2e1061420f79cfcc1fa7f0a44744c4d8f73",
                "sha256:4bfc2b16e3ba8850e0e262467275dd4d62f0d045e0e9eda2bc65078c0110a11f",
                "sha256:518440c991f514331f4850a63560321f833979d145d7d81186dbe2f19e27ae3d",
                "sha256:51f4b32f793812714fd5307222a7f77e739b9bc566dc94a18126aba3b92b98a3",
                "sha256:531ac6cf22b53e0696f8e1d56ce2396311254eb806111ddd3922c9d937151dae",
                "sha256:5cd05d0f57846d8ba4b71d9c00f6f37d6b97d5e5ef8b3c3840426a475c8f70f4",
                "sha256:5dd58946bce44b53b06d94aa95560d0b243eb2fe64227cba50017a8d8b3cd3e2",
                "sha256:60080bb3d8617d96f0fb7e19796384cc2467447ef1c491694850ebd3670bc457",
                "sha256:636ba0a77de609d6510235b7f0e77ec494d2657108f777e8765efc060094c98c",
                "sha256:67d3ccfc590e5e7197750fcb3a2915b416a53e2de847a728cfa60141054123d4",
                "sha256:68191f80a9bad283432385961d9efe09d783bcd36ed35a60fb1ff3f1ec2efe87",
                "sha256:7502534e55c7c36c0978c91ba6f61703faf7ce733715ca48f499d3dbbd7657e0",
                "sha256:7aa47c2e9ea33a4a2a05f40fcd3ea36d73853a2aae7b4feab6fc85f8bf2c9704",
                "sha256:7d2af3f6b8419661a0c421584cfe8aaec1c0e435ce7e47ee2a97e344b98f794f",
                "sha256:7e316026cc1095f2a3e8cc012822c99f413b702eaa2ca5408a513609488cb62f",
                "sha256:88ad44e220e22b63b0f8f81f007e8abbb92874d8ced66f32571ef8beb0643b2b",
                "sha256:88d1f7bef20c721359d8675f7d9f8e414ec5003d8f642fdfd8087777ff7f94b5",
                "sha256:89723d2112697feaa320c9d351e5f5e7b841e83f8b143dba8e2d2b5f04e10923",
                "sha256:8a0ccf52bb37d1a700375a6b395bff5dd15c50acb745f7db30415bae3c2b0715",
                "sha256:8c2c19dae8a3eb0ea45a8448356ed561be843b13cbc34b840922ddf565498c1c",
                "sha256:905466ad1702ed4acfd67a902af50b8db1feeb9781436372261808df7a2a7bca",
                "sha256:9852b76ab558e45b20bf1893b59af64a28bd3820b0c2efc80e0a70a4a3ea51c1",
                "sha256:98a2636994f943b871786c9e82bfe7883ecdaba2ef5df54e1450fa9869d1f756",
                "sha256:9aa1a67bbf0f957bbe096375887b2505f5d8ae16bf04488e8b0f334c36e31360",
                "sha256:9eda5f7a50141291beda3edd00abc2d4a5b16c29c92daf8d5bd76934150f3edc",
                "sha256:a6d1047952c0b8104a1d371f88f4ab62e6275567d4458c1e26e9627ad489b445",
                "sha256:a9b6d73353f777630626f403b0652055ebfe8ff142a44ec2cf18ae470395766e",
                "sha256:a9cc99d6946d750eb75827cb53c4371b8b0fe89c733a94b1573c9dd16ea6c9e4",
                "sha256:ad83e7545b4ab69216cef4cc47e344d19622e28aabec61574b20257c65466d6a",
                "sha256:b014333bd0217ad3d54c143de9d4b9a3ca1c5a29a6d0d554952ea071cff0f1f8",
                "sha256:b43523d7bc2abd757119dbfb38af91b5735eea45537ec6ec3a5ec3f9562a1c53",
                "sha256:b521dcecebc5b978b447f0f69b5b7f3840eac454862270406a39837ffae4e697",
                "sha256:b77e27b79448e34c2c51c09836033056a0547aa360c45eeeb67803da7b0eedaf",
                "sha256:b7a635871143661feccce3979e1727c4e094f2bdfd3ec4b90dfd4f16f571a87a",
                "sha256:b7fca9205b59c1a3d5031f7e64ed627a1074730a51c2a80e97653e3e9fa0d415",
                "sha256:ba1b30765a55acf15dce3f364e4928b80858fa8f979ad41f862358939bdd1f2f",
                "sha256:ba99d8077424501b9616b43a2d208095746fb1284fc5ba490139651f971d39d9",
                "sha256:c25a8ad70e716f96e13a637802813f65d8a6760ef48672aa3502f4c24ea8b400",
                "sha256:c3c4a78615b7762740531c27cf46e2f388d8d727d0c0c739e72048beb26c8a9d",
                "sha256:c40281f7d70baf6e0db0c2f7472b31609f5bc2748fe7275ea65a0b4601d9b392",
                "sha256:c7ad32824b7f02bb3c9f80306d405a1d9b7bb89362d68b3c5a9be53836caebdb",
                "sha256:cb3fe77aec8f1995611f966d0c656fdce398317f850d0e6e7aebdfe61f40e1cd",
                "sha256:cc038b2d8b1470364b1888a98fd22d616fba2b6309c5b5f181ad4483e0017861",
                "sha256:cc37b9aeebab425f11f27e5e9e6cf580be7206c6582a64467a14dda211abc232",
                "sha256:cc6bb9aa69aacf0f6032c307da718f61a40cf970849e471254e0e91c56ffca95",
                "sha256:d126361607b33c4eb7b36debc173bf25d7805847346dd4d99b5499e1fef52bc7",
                "sha256:d15b274f9e15b1a0b7a45d2ac86d1f634d983ca40d6b886721626c47a400bf39",
                "sha256:d166eafc19f4718df38887b2bbe1467a4f74a9830e8605089ea7a30dd4da8887",
                "sha256:d498eea3f581fbe1b34b59c697512a8baef88212f92e4c7830fcc1499f5b45a5",
                "sha256:d6f7e255e5fa94642a0724e35406e6cb7001c09d476ab5fce002f652b36d0c39",
                "sha256:d78bd484930c1da2b9679290a41cdb25cc127d783768a0369d6b449e72f88beb",
                "sha256:d865984b3f71f6d0af64d0d88f5733521698f6c16f445bb09ce746c92c97c586",
                "sha256:d902a43085a308cef32c0d3aea962524b725403fd9373dea18110904003bac97",
                "sha256:d94a1db462d5690ebf6ae86d11c5e420042b9898af5dcf278bd97d6bda065423",
                "sha256:da695d75ac97cb1cd725adac136d25ca687da4536154cdc2815f576e4da11c69",
                "sha256:db2a0b1857f18b11e3b0e54ddfefc96af46b0896fb678c85f63fb8c37518b3e7",
                "sha256:df26481f0c7a3f8739fecb3e81bc9da3fcfae34d6c094563b9d4670b047312e1",
                "sha256:e14b73607d6231f3cc4622809c196b540a6a44e903bcfad940779c80dffa7be7",
                "sha256:e2610e9406d3b0073636a3a2e80db05a02f0c3169b5632022b4e81c0364bcda5",
                "sha256:e692296c4cc2873967771345a876bcfc1c547e8dd695c6b89342488b0ea55cd8",
                "sha256:e693e233ac92ba83a87024e1d32b5f9ab15ca55ddd916d878146f4e3406b5c91",
                "sha256:e81469f7d01efed9b53740aedd26085f20d49da65f9c1f41e822a33992cb1590",
                "sha256:e8c7e08bb566de4faaf11984af13f6bcf6a08f327b13631d41d62592681d24fe",
                "sha256:ed19b3a05ae0c97dd8f75a5d8f21f7723a8c33bbc555da6bbe1f96c470139d3c",
                "sha256:efb2d82f33b2212898f1659fb1c2e9ac30493ac41e4d53123da374c3b5541e64",
                "sha256:f44dd4d68697559d007462b0a3a1d9acd61d97072b71f6d1968daef26bc744bd",
                "sha256:f72cbae7f6b01591f90814250e636065850c5926751af02bb48da94dfced7baa",
                "sha256:f7bc09bc9c29ebead055bcba136a67378f03d66bf359e87d0f7c759d6d4ffa31",
                "sha256:ff100b203092af77d1a5a7abe085b3506b7eaaf9abf65b73b7d6905b6cb76988"
            ],
            "index": "pypi",
            "markers": "python_version >= '3.7'",
            "version": "==2023.12.25"
        }
    },
    "develop": {}
}
